github.com/ozgen/eventbus v0.1.1 h1:jBmyLxw9mMWc0wOTAtNZAzy+O70l3DuS49mSm+XS7B4=
github.com/ozgen/eventbus v0.1.1/go.mod h1:GZ56yaDdYQWYzSShlyKF29y8dTV/XnHWOMzP6BQhtwc=
github.com/ozgen/eventbus v0.1.2 h1:nUAS5BNcW4J1P4M/dAWy96Vh0ImAEbwZl+iZkaNZC6w=
github.com/ozgen/eventbus v0.1.2/go.mod h1:GZ56yaDdYQWYzSShlyKF29y8dTV/XnHWOMzP6BQhtwc=
